
Microsoft Visual Studio Solution File, Format Version 12.00
# Visual Studio Version 17
VisualStudioVersion = 17.11.35208.52
MinimumVisualStudioVersion = 10.0.40219.1
Project("{FAE04EC0-301F-11D3-BF4B-00C04F79EFBC}") = "CandidateManagement_StudentName", "CandidateManagement_StudentName\CandidateManagement_StudentName.csproj", "{D6B3F4F4-5CE8-4356-9358-F5B6C7D725A2}"
EndProject
Project("{FAE04EC0-301F-11D3-BF4B-00C04F79EFBC}") = "CandidateManagement.BussinessObject", "CandidateManagement.BussinessObject\CandidateManagement.BussinessObject.csproj", "{4F54D91E-ED06-4961-A140-FA8076B06224}"
EndProject
Project("{FAE04EC0-301F-11D3-BF4B-00C04F79EFBC}") = "CandidateManagement.DAO", "CandidateManagement.DAO\CandidateManagement.DAO.csproj", "{05FBD313-DDBA-4298-92BE-2C755DD196F7}"
EndProject
Project("{FAE04EC0-301F-11D3-BF4B-00C04F79EFBC}") = "CandidateManagement.Repository", "CandidateManagement.Repository\CandidateManagement.Repository.csproj", "{8D28CA51-BCA2-486D-ABED-0DD95F850158}"
EndProject
Project("{FAE04EC0-301F-11D3-BF4B-00C04F79EFBC}") = "CandidateManagement.Services", "CandidateManagement.Services\CandidateManagement.Services.csproj", "{27677EA7-070A-477B-A002-B0D5E6BFD525}"
EndProject
Global
	GlobalSection(SolutionConfigurationPlatforms) = preSolution
		Debug|Any CPU = Debug|Any CPU
		Release|Any CPU = Release|Any CPU
	EndGlobalSection
	GlobalSection(ProjectConfigurationPlatforms) = postSolution
		{D6B3F4F4-5CE8-4356-9358-F5B6C7D725A2}.Debug|Any CPU.ActiveCfg = Debug|Any CPU
		{D6B3F4F4-5CE8-4356-9358-F5B6C7D725A2}.Debug|Any CPU.Build.0 = Debug|Any CPU
		{D6B3F4F4-5CE8-4356-9358-F5B6C7D725A2}.Release|Any CPU.ActiveCfg = Release|Any CPU
		{D6B3F4F4-5CE8-4356-9358-F5B6C7D725A2}.Release|Any CPU.Build.0 = Release|Any CPU
		{4F54D91E-ED06-4961-A140-FA8076B06224}.Debug|Any CPU.ActiveCfg = Debug|Any CPU
		{4F54D91E-ED06-4961-A140-FA8076B06224}.Debug|Any CPU.Build.0 = Debug|Any CPU
		{4F54D91E-ED06-4961-A140-FA8076B06224}.Release|Any CPU.ActiveCfg = Release|Any CPU
		{4F54D91E-ED06-4961-A140-FA8076B06224}.Release|Any CPU.Build.0 = Release|Any CPU
		{05FBD313-DDBA-4298-92BE-2C755DD196F7}.Debug|Any CPU.ActiveCfg = Debug|Any CPU
		{05FBD313-DDBA-4298-92BE-2C755DD196F7}.Debug|Any CPU.Build.0 = Debug|Any CPU
		{05FBD313-DDBA-4298-92BE-2C755DD196F7}.Release|Any CPU.ActiveCfg = Release|Any CPU
		{05FBD313-DDBA-4298-92BE-2C755DD196F7}.Release|Any CPU.Build.0 = Release|Any CPU
		{8D28CA51-BCA2-486D-ABED-0DD95F850158}.Debug|Any CPU.ActiveCfg = Debug|Any CPU
		{8D28CA51-BCA2-486D-ABED-0DD95F850158}.Debug|Any CPU.Build.0 = Debug|Any CPU
		{8D28CA51-BCA2-486D-ABED-0DD95F850158}.Release|Any CPU.ActiveCfg = Release|Any CPU
		{8D28CA51-BCA2-486D-ABED-0DD95F850158}.Release|Any CPU.Build.0 = Release|Any CPU
		{27677EA7-070A-477B-A002-B0D5E6BFD525}.Debug|Any CPU.ActiveCfg = Debug|Any CPU
		{27677EA7-070A-477B-A002-B0D5E6BFD525}.Debug|Any CPU.Build.0 = Debug|Any CPU
		{27677EA7-070A-477B-A002-B0D5E6BFD525}.Release|Any CPU.ActiveCfg = Release|Any CPU
		{27677EA7-070A-477B-A002-B0D5E6BFD525}.Release|Any CPU.Build.0 = Release|Any CPU
	EndGlobalSection
	GlobalSection(SolutionProperties) = preSolution
		HideSolutionNode = FALSE
	EndGlobalSection
	GlobalSection(ExtensibilityGlobals) = postSolution
		SolutionGuid = {7C05EFD7-A4A8-4842-8421-3EB779B9F5C3}
	EndGlobalSection
EndGlobal
